
Microsoft Visual Studio Solution File, Format Version 12.00
# Visual Studio Version 17
VisualStudioVersion = 17.5.002.0
MinimumVisualStudioVersion = 10.0.40219.1
Project("{9A19103F-16F7-4668-BE54-9A1E7A4F7556}") = "lab3Arcev", "lab3Arcev\lab3Arcev.csproj", "{7B4F8996-BC5B-4241-B5F0-53BE64A211ED}"
EndProject
Global
	GlobalSection(SolutionConfigurationPlatforms) = preSolution
		Debug|Any CPU = Debug|Any CPU
		Release|Any CPU = Release|Any CPU
	EndGlobalSection
	GlobalSection(ProjectConfigurationPlatforms) = postSolution
		{7B4F8996-BC5B-4241-B5F0-53BE64A211ED}.Debug|Any CPU.ActiveCfg = Debug|Any CPU
		{7B4F8996-BC5B-4241-B5F0-53BE64A211ED}.Debug|Any CPU.Build.0 = Debug|Any CPU
		{7B4F8996-BC5B-4241-B5F0-53BE64A211ED}.Release|Any CPU.ActiveCfg = Release|Any CPU
		{7B4F8996-BC5B-4241-B5F0-53BE64A211ED}.Release|Any CPU.Build.0 = Release|Any CPU
	EndGlobalSection
	GlobalSection(SolutionProperties) = preSolution
		HideSolutionNode = FALSE
	EndGlobalSection
	GlobalSection(ExtensibilityGlobals) = postSolution
		SolutionGuid = {598E12AD-4161-4150-BBDC-AA3925C4DE13}
	EndGlobalSection
EndGlobal
